
Microsoft Visual Studio Solution File, Format Version 12.00
# Visual Studio Version 16
VisualStudioVersion = 16.0.32901.82
MinimumVisualStudioVersion = 10.0.40219.1
Project("{FAE04EC0-301F-11D3-BF4B-00C04F79EFBC}") = "Day7_Projects", "Day7_Projects\Day7_Projects.csproj", "{870383EF-117D-4B0F-921A-310DC7A31EB8}"
EndProject
Global
	GlobalSection(SolutionConfigurationPlatforms) = preSolution
		Debug|Any CPU = Debug|Any CPU
		Release|Any CPU = Release|Any CPU
	EndGlobalSection
	GlobalSection(ProjectConfigurationPlatforms) = postSolution
		{870383EF-117D-4B0F-921A-310DC7A31EB8}.Debug|Any CPU.ActiveCfg = Debug|Any CPU
		{870383EF-117D-4B0F-921A-310DC7A31EB8}.Debug|Any CPU.Build.0 = Debug|Any CPU
		{870383EF-117D-4B0F-921A-310DC7A31EB8}.Release|Any CPU.ActiveCfg = Release|Any CPU
		{870383EF-117D-4B0F-921A-310DC7A31EB8}.Release|Any CPU.Build.0 = Release|Any CPU
	EndGlobalSection
	GlobalSection(SolutionProperties) = preSolution
		HideSolutionNode = FALSE
	EndGlobalSection
	GlobalSection(ExtensibilityGlobals) = postSolution
		SolutionGuid = {851092F5-6D4E-457A-BA54-46B60BC831CF}
	EndGlobalSection
EndGlobal
